
Microsoft Visual Studio Solution File, Format Version 12.00
# Visual Studio Version 16
VisualStudioVersion = 16.0.31624.102
MinimumVisualStudioVersion = 10.0.40219.1
Project("{FAE04EC0-301F-11D3-BF4B-00C04F79EFBC}") = "StringLanguageExtensions", "StringLanguageExtensions\StringLanguageExtensions.csproj", "{671F2A73-63D7-426B-99E9-B8DEBF27BBDC}"
EndProject
Project("{2150E333-8FDC-42A3-9474-1A3956D46DE8}") = "Solution Items", "Solution Items", "{485616E5-4850-4942-9851-2BD307E7544F}"
	ProjectSection(SolutionItems) = preProject
		Extensions.md = Extensions.md
		readme.md = readme.md
	EndProjectSection
EndProject
Project("{2150E333-8FDC-42A3-9474-1A3956D46DE8}") = "Unit test", "Unit test", "{B08E7B01-6CD2-44E6-A1F3-595A2DEF007B}"
EndProject
Project("{FAE04EC0-301F-11D3-BF4B-00C04F79EFBC}") = "BaseUnitTestProject", "BaseUnitTestProject\BaseUnitTestProject.csproj", "{A6BCD121-0A18-4A89-A584-F99CA5FF7C72}"
EndProject
Global
	GlobalSection(SolutionConfigurationPlatforms) = preSolution
		Debug|Any CPU = Debug|Any CPU
		Release|Any CPU = Release|Any CPU
	EndGlobalSection
	GlobalSection(ProjectConfigurationPlatforms) = postSolution
		{671F2A73-63D7-426B-99E9-B8DEBF27BBDC}.Debug|Any CPU.ActiveCfg = Debug|Any CPU
		{671F2A73-63D7-426B-99E9-B8DEBF27BBDC}.Debug|Any CPU.Build.0 = Debug|Any CPU
		{671F2A73-63D7-426B-99E9-B8DEBF27BBDC}.Release|Any CPU.ActiveCfg = Release|Any CPU
		{671F2A73-63D7-426B-99E9-B8DEBF27BBDC}.Release|Any CPU.Build.0 = Release|Any CPU
		{A6BCD121-0A18-4A89-A584-F99CA5FF7C72}.Debug|Any CPU.ActiveCfg = Debug|Any CPU
		{A6BCD121-0A18-4A89-A584-F99CA5FF7C72}.Debug|Any CPU.Build.0 = Debug|Any CPU
		{A6BCD121-0A18-4A89-A584-F99CA5FF7C72}.Release|Any CPU.ActiveCfg = Release|Any CPU
		{A6BCD121-0A18-4A89-A584-F99CA5FF7C72}.Release|Any CPU.Build.0 = Release|Any CPU
	EndGlobalSection
	GlobalSection(SolutionProperties) = preSolution
		HideSolutionNode = FALSE
	EndGlobalSection
	GlobalSection(NestedProjects) = preSolution
		{A6BCD121-0A18-4A89-A584-F99CA5FF7C72} = {B08E7B01-6CD2-44E6-A1F3-595A2DEF007B}
	EndGlobalSection
	GlobalSection(ExtensibilityGlobals) = postSolution
		SolutionGuid = {8CF4A95D-C82F-47F4-9C82-F813856E13EF}
	EndGlobalSection
EndGlobal
